
Microsoft Visual Studio Solution File, Format Version 12.00
# Visual Studio 2013
VisualStudioVersion = 12.0.31101.0
MinimumVisualStudioVersion = 10.0.40219.1
Project("{FAE04EC0-301F-11D3-BF4B-00C04F79EFBC}") = "Revit_ID_Tagging", "Revit_ID_Tagging\Revit_ID_Tagging.csproj", "{BD358807-4A94-4969-B33B-7A04E90AE047}"
EndProject
Global
	GlobalSection(TeamFoundationVersionControl) = preSolution
		SccNumberOfProjects = 2
		SccEnterpriseProvider = {4CA58AB2-18FA-4F8D-95D4-32DDF27D184C}
		SccTeamFoundationServer = https://vdc-consulting.visualstudio.com/defaultcollection
		SccLocalPath0 = .
		SccProjectUniqueName1 = Revit_ID_Tagging\\Revit_ID_Tagging.csproj
		SccProjectName1 = Revit_ID_Tagging
		SccLocalPath1 = Revit_ID_Tagging
	EndGlobalSection
	GlobalSection(SolutionConfigurationPlatforms) = preSolution
		Debug|Any CPU = Debug|Any CPU
		Release|Any CPU = Release|Any CPU
	EndGlobalSection
	GlobalSection(ProjectConfigurationPlatforms) = postSolution
		{BD358807-4A94-4969-B33B-7A04E90AE047}.Debug|Any CPU.ActiveCfg = Debug|Any CPU
		{BD358807-4A94-4969-B33B-7A04E90AE047}.Debug|Any CPU.Build.0 = Debug|Any CPU
		{BD358807-4A94-4969-B33B-7A04E90AE047}.Release|Any CPU.ActiveCfg = Release|Any CPU
		{BD358807-4A94-4969-B33B-7A04E90AE047}.Release|Any CPU.Build.0 = Release|Any CPU
	EndGlobalSection
	GlobalSection(SolutionProperties) = preSolution
		HideSolutionNode = FALSE
	EndGlobalSection
EndGlobal
